
Microsoft Visual Studio Solution File, Format Version 12.00
# Visual Studio Version 17
VisualStudioVersion = 17.5.33502.453
MinimumVisualStudioVersion = 10.0.40219.1
Project("{FAE04EC0-301F-11D3-BF4B-00C04F79EFBC}") = "ChickenLatin", "ChickenLatin.csproj", "{2A3E906B-DD1B-4F8A-BA58-0FA256245378}"
EndProject
Global
	GlobalSection(SolutionConfigurationPlatforms) = preSolution
		Debug|Any CPU = Debug|Any CPU
		Release|Any CPU = Release|Any CPU
	EndGlobalSection
	GlobalSection(ProjectConfigurationPlatforms) = postSolution
		{2A3E906B-DD1B-4F8A-BA58-0FA256245378}.Debug|Any CPU.ActiveCfg = Debug|Any CPU
		{2A3E906B-DD1B-4F8A-BA58-0FA256245378}.Debug|Any CPU.Build.0 = Debug|Any CPU
		{2A3E906B-DD1B-4F8A-BA58-0FA256245378}.Release|Any CPU.ActiveCfg = Release|Any CPU
		{2A3E906B-DD1B-4F8A-BA58-0FA256245378}.Release|Any CPU.Build.0 = Release|Any CPU
	EndGlobalSection
	GlobalSection(SolutionProperties) = preSolution
		HideSolutionNode = FALSE
	EndGlobalSection
	GlobalSection(ExtensibilityGlobals) = postSolution
		SolutionGuid = {E96B20D5-A067-4C75-B3F7-5754D5E9E794}
	EndGlobalSection
EndGlobal
