
Microsoft Visual Studio Solution File, Format Version 12.00
# Visual Studio Version 17
VisualStudioVersion = 17.5.33502.453
MinimumVisualStudioVersion = 10.0.40219.1
Project("{FAE04EC0-301F-11D3-BF4B-00C04F79EFBC}") = "HeaviestWord", "HeaviestWord.csproj", "{202A8603-6EC4-4E2C-804C-194535C2732E}"
EndProject
Global
	GlobalSection(SolutionConfigurationPlatforms) = preSolution
		Debug|Any CPU = Debug|Any CPU
		Release|Any CPU = Release|Any CPU
	EndGlobalSection
	GlobalSection(ProjectConfigurationPlatforms) = postSolution
		{202A8603-6EC4-4E2C-804C-194535C2732E}.Debug|Any CPU.ActiveCfg = Debug|Any CPU
		{202A8603-6EC4-4E2C-804C-194535C2732E}.Debug|Any CPU.Build.0 = Debug|Any CPU
		{202A8603-6EC4-4E2C-804C-194535C2732E}.Release|Any CPU.ActiveCfg = Release|Any CPU
		{202A8603-6EC4-4E2C-804C-194535C2732E}.Release|Any CPU.Build.0 = Release|Any CPU
	EndGlobalSection
	GlobalSection(SolutionProperties) = preSolution
		HideSolutionNode = FALSE
	EndGlobalSection
	GlobalSection(ExtensibilityGlobals) = postSolution
		SolutionGuid = {FCEDF8AB-C8C9-4F1A-B427-9D38E0B99700}
	EndGlobalSection
EndGlobal
