
Microsoft Visual Studio Solution File, Format Version 12.00
# Visual Studio Version 17
VisualStudioVersion = 17.5.33502.453
MinimumVisualStudioVersion = 10.0.40219.1
Project("{FAE04EC0-301F-11D3-BF4B-00C04F79EFBC}") = "CrookedDigits", "CrookedDigits.csproj", "{173C65BE-F1CD-485F-A4A5-B2AF0F198FAC}"
EndProject
Global
	GlobalSection(SolutionConfigurationPlatforms) = preSolution
		Debug|Any CPU = Debug|Any CPU
		Release|Any CPU = Release|Any CPU
	EndGlobalSection
	GlobalSection(ProjectConfigurationPlatforms) = postSolution
		{173C65BE-F1CD-485F-A4A5-B2AF0F198FAC}.Debug|Any CPU.ActiveCfg = Debug|Any CPU
		{173C65BE-F1CD-485F-A4A5-B2AF0F198FAC}.Debug|Any CPU.Build.0 = Debug|Any CPU
		{173C65BE-F1CD-485F-A4A5-B2AF0F198FAC}.Release|Any CPU.ActiveCfg = Release|Any CPU
		{173C65BE-F1CD-485F-A4A5-B2AF0F198FAC}.Release|Any CPU.Build.0 = Release|Any CPU
	EndGlobalSection
	GlobalSection(SolutionProperties) = preSolution
		HideSolutionNode = FALSE
	EndGlobalSection
	GlobalSection(ExtensibilityGlobals) = postSolution
		SolutionGuid = {CEA687CD-81BF-460E-A58F-E01F9E94AE65}
	EndGlobalSection
EndGlobal
